<?xml version="1.0" encoding="UTF-8"?>
<Scheme
   version = "1.3">
   <BuildAction>
      <BuildActionEntries>
         <BuildActionEntry
            buildForRunning = "YES">
            <BuildableReference
               BuildableIdentifier = "primary"
               BlueprintIdentifier = "AA9AC59A212D39FC000B4E9D"
               BuildableName = "Eria Barkod.app"
               BlueprintName = "ObjectDetection"
               ReferencedContainer = "container:ObjectDetection.xcodeproj">
            </BuildableReference>
         </BuildActionEntry>
      </BuildActionEntries>
   </BuildAction>
   <LaunchAction
      useCustomWorkingDirectory = "NO"
      buildConfiguration = "Debug"
      allowLocationSimulation = "YES">
      <BuildableProductRunnable>
         <BuildableReference
            BuildableIdentifier = "primary"
            BlueprintIdentifier = "AA9AC59A212D39FC000B4E9D"
            BuildableName = "Eria Barkod.app"
            BlueprintName = "ObjectDetection"
            ReferencedContainer = "container:ObjectDetection.xcodeproj">
         </BuildableReference>
      </BuildableProductRunnable>
   </LaunchAction>
</Scheme>
